PODS:
  - BFRating (1.0.4):
    - Localize-Swift
    - SwiftyUserDefaults
  - Localize-Swift (3.2.0):
    - Localize-Swift/LocalizeSwiftCore (= 3.2.0)
    - Localize-Swift/UIKit (= 3.2.0)
  - Localize-Swift/LocalizeSwiftCore (3.2.0)
  - Localize-Swift/UIKit (3.2.0):
    - Localize-Swift/LocalizeSwiftCore
  - SwiftyUserDefaults (5.1.0)

DEPENDENCIES:
  - BFRating (from `../`)
  - Localize-Swift (~> 3.2)

SPEC REPOS:
  trunk:
    - Localize-Swift
    - SwiftyUserDefaults

EXTERNAL SOURCES:
  BFRating:
    :path: "../"

SPEC CHECKSUMS:
  BFRating: 5350f521281bca0786a2827e0114ea1b887a7e88
  Localize-Swift: 6f4475136bdb0d7b2882ea3d4ea919d70142b232
  SwiftyUserDefaults: 6746ede7f29e4c1bf2b1e104eb3139c5928e44d1

PODFILE CHECKSUM: 129eafd282a5306ba0f523546e1f8f3704ba837c

COCOAPODS: 1.10.1
